// !$*UTF8*$!
{
	archiveVersion = 1;
	classes = {
	};
	objectVersion = 50;
	objects = {

/* Begin PBXBuildFile section */
		CFE64BE1249174330091AAC5 /* Jaque WatchKit App.app in Embed Watch Content */ = {isa = PBXBuildFile; fileRef = CFE64BE0249174330091AAC5 /* Jaque WatchKit App.app */; settings = {ATTRIBUTES = (RemoveHeadersOnCopy, ); }; };
		CFE64BE7249174330091AAC5 /* Interface.storyboard in Resources */ = {isa = PBXBuildFile; fileRef = CFE64BE5249174330091AAC5 /* Interface.storyboard */; };
		CFE64BE9249174370091AAC5 /* Assets.xcassets in Resources */ = {isa = PBXBuildFile; fileRef = CFE64BE8249174370091AAC5 /* Assets.xcassets */; };
		CFE64BF0249174370091AAC5 /* Jaque WatchKit Extension.appex in Embed App Extensions */ = {isa = PBXBuildFile; fileRef = CFE64BEF249174370091AAC5 /* Jaque WatchKit Extension.appex */; settings = {ATTRIBUTES = (RemoveHeadersOnCopy, ); }; };
		CFE64BF5249174370091AAC5 /* InterfaceController.swift in Sources */ = {isa = PBXBuildFile; fileRef = CFE64BF4249174370091AAC5 /* InterfaceController.swift */; };
		CFE64BF7249174370091AAC5 /* ExtensionDelegate.swift in Sources */ = {isa = PBXBuildFile; fileRef = CFE64BF6249174370091AAC5 /* ExtensionDelegate.swift */; };
		CFE64BF9249174370091AAC5 /* NotificationController.swift in Sources */ = {isa = PBXBuildFile; fileRef = CFE64BF8249174370091AAC5 /* NotificationController.swift */; };
		CFE64BFB249174390091AAC5 /* Assets.xcassets in Resources */ = {isa = PBXBuildFile; fileRef = CFE64BFA249174390091AAC5 /* Assets.xcassets */; };
/* End PBXBuildFile section */

/* Begin PBXContainerItemProxy section */
		CFE64BE2249174330091AAC5 /* PBXContainerItemProxy */ = {
			isa = PBXContainerItemProxy;
			containerPortal = CFE64BD6249174320091AAC5 /* Project object */;
			proxyType = 1;
			remoteGlobalIDString = CFE64BDF249174330091AAC5;
			remoteInfo = "Jaque WatchKit App";
		};
		CFE64BF1249174370091AAC5 /* PBXContainerItemProxy */ = {
			isa = PBXContainerItemProxy;
			containerPortal = CFE64BD6249174320091AAC5 /* Project object */;
			proxyType = 1;
			remoteGlobalIDString = CFE64BEE249174370091AAC5;
			remoteInfo = "Jaque WatchKit Extension";
		};
/* End PBXContainerItemProxy section */

/* Begin PBXCopyFilesBuildPhase section */
		CFE64C03249174390091AAC5 /* Embed App Extensions */ = {
			isa = PBXCopyFilesBuildPhase;
			buildActionMask = 2147483647;
			dstPath = "";
			dstSubfolderSpec = 13;
			files = (
				CFE64BF0249174370091AAC5 /* Jaque WatchKit Extension.appex in Embed App Extensions */,
			);
			name = "Embed App Extensions";
			runOnlyForDeploymentPostprocessing = 0;
		};
		CFE64C07249174390091AAC5 /* Embed Watch Content */ = {
			isa = PBXCopyFilesBuildPhase;
			buildActionMask = 2147483647;
			dstPath = "$(CONTENTS_FOLDER_PATH)/Watch";
			dstSubfolderSpec = 16;
			files = (
				CFE64BE1249174330091AAC5 /* Jaque WatchKit App.app in Embed Watch Content */,
			);
			name = "Embed Watch Content";
			runOnlyForDeploymentPostprocessing = 0;
		};
/* End PBXCopyFilesBuildPhase section */

/* Begin PBXFileReference section */
		CFE64BDC249174320091AAC5 /* Jaque.app */ = {isa = PBXFileReference; explicitFileType = wrapper.application; includeInIndex = 0; path = Jaque.app; sourceTree = BUILT_PRODUCTS_DIR; };
		CFE64BE0249174330091AAC5 /* Jaque WatchKit App.app */ = {isa = PBXFileReference; explicitFileType = wrapper.application; includeInIndex = 0; path = "Jaque WatchKit App.app"; sourceTree = BUILT_PRODUCTS_DIR; };
		CFE64BE6249174330091AAC5 /* Base */ = {isa = PBXFileReference; lastKnownFileType = file.storyboard; name = Base; path = Base.lproj/Interface.storyboard; sourceTree = "<group>"; };
		CFE64BE8249174370091AAC5 /* Assets.xcassets */ = {isa = PBXFileReference; lastKnownFileType = folder.assetcatalog; path = Assets.xcassets; sourceTree = "<group>"; };
		CFE64BEA249174370091AAC5 /* Info.plist */ = {isa = PBXFileReference; lastKnownFileType = text.plist.xml; path = Info.plist; sourceTree = "<group>"; };
		CFE64BEF249174370091AAC5 /* Jaque WatchKit Extension.appex */ = {isa = PBXFileReference; explicitFileType = "wrapper.app-extension"; includeInIndex = 0; path = "Jaque WatchKit Extension.appex"; sourceTree = BUILT_PRODUCTS_DIR; };
		CFE64BF4249174370091AAC5 /* InterfaceController.swift */ = {isa = PBXFileReference; lastKnownFileType = sourcecode.swift; path = InterfaceController.swift; sourceTree = "<group>"; };
		CFE64BF6249174370091AAC5 /* ExtensionDelegate.swift */ = {isa = PBXFileReference; lastKnownFileType = sourcecode.swift; path = ExtensionDelegate.swift; sourceTree = "<group>"; };
		CFE64BF8249174370091AAC5 /* NotificationController.swift */ = {isa = PBXFileReference; lastKnownFileType = sourcecode.swift; path = NotificationController.swift; sourceTree = "<group>"; };
		CFE64BFA249174390091AAC5 /* Assets.xcassets */ = {isa = PBXFileReference; lastKnownFileType = folder.assetcatalog; path = Assets.xcassets; sourceTree = "<group>"; };
		CFE64BFC249174390091AAC5 /* Info.plist */ = {isa = PBXFileReference; lastKnownFileType = text.plist.xml; path = Info.plist; sourceTree = "<group>"; };
		CFE64BFD249174390091AAC5 /* PushNotificationPayload.apns */ = {isa = PBXFileReference; lastKnownFileType = text; path = PushNotificationPayload.apns; sourceTree = "<group>"; };
/* End PBXFileReference section */

/* Begin PBXFrameworksBuildPhase section */
		CFE64BEC249174370091AAC5 /* Frameworks */ = {
			isa = PBXFrameworksBuildPhase;
			buildActionMask = 2147483647;
			files = (
			);
			runOnlyForDeploymentPostprocessing = 0;
		};
/* End PBXFrameworksBuildPhase section */

/* Begin PBXGroup section */
		CFE64BD5249174320091AAC5 = {
			isa = PBXGroup;
			children = (
				CFE64BE4249174330091AAC5 /* Jaque WatchKit App */,
				CFE64BF3249174370091AAC5 /* Jaque WatchKit Extension */,
				CFE64BDD249174320091AAC5 /* Products */,
			);
			sourceTree = "<group>";
		};
		CFE64BDD249174320091AAC5 /* Products */ = {
			isa = PBXGroup;
			children = (
				CFE64BDC249174320091AAC5 /* Jaque.app */,
				CFE64BE0249174330091AAC5 /* Jaque WatchKit App.app */,
				CFE64BEF249174370091AAC5 /* Jaque WatchKit Extension.appex */,
			);
			name = Products;
			sourceTree = "<group>";
		};
		CFE64BE4249174330091AAC5 /* Jaque WatchKit App */ = {
			isa = PBXGroup;
			children = (
				CFE64BE5249174330091AAC5 /* Interface.storyboard */,
				CFE64BE8249174370091AAC5 /* Assets.xcassets */,
				CFE64BEA249174370091AAC5 /* Info.plist */,
			);
			path = "Jaque WatchKit App";
			sourceTree = "<group>";
		};
		CFE64BF3249174370091AAC5 /* Jaque WatchKit Extension */ = {
			isa = PBXGroup;
			children = (
				CFE64BF4249174370091AAC5 /* InterfaceController.swift */,
				CFE64BF6249174370091AAC5 /* ExtensionDelegate.swift */,
				CFE64BF8249174370091AAC5 /* NotificationController.swift */,
				CFE64BFA249174390091AAC5 /* Assets.xcassets */,
				CFE64BFC249174390091AAC5 /* Info.plist */,
				CFE64BFD249174390091AAC5 /* PushNotificationPayload.apns */,
			);
			path = "Jaque WatchKit Extension";
			sourceTree = "<group>";
		};
/* End PBXGroup section */

/* Begin PBXNativeTarget section */
		CFE64BDB249174320091AAC5 /* Jaque */ = {
			isa = PBXNativeTarget;
			buildConfigurationList = CFE64C08249174390091AAC5 /* Build configuration list for PBXNativeTarget "Jaque" */;
			buildPhases = (
				CFE64BDA249174320091AAC5 /* Resources */,
				CFE64C07249174390091AAC5 /* Embed Watch Content */,
			);
			buildRules = (
			);
			dependencies = (
				CFE64BE3249174330091AAC5 /* PBXTargetDependency */,
			);
			name = Jaque;
			productName = Jaque;
			productReference = CFE64BDC249174320091AAC5 /* Jaque.app */;
			productType = "com.apple.product-type.application.watchapp2-container";
		};
		CFE64BDF249174330091AAC5 /* Jaque WatchKit App */ = {
			isa = PBXNativeTarget;
			buildConfigurationList = CFE64C04249174390091AAC5 /* Build configuration list for PBXNativeTarget "Jaque WatchKit App" */;
			buildPhases = (
				CFE64BDE249174330091AAC5 /* Resources */,
				CFE64C03249174390091AAC5 /* Embed App Extensions */,
			);
			buildRules = (
			);
			dependencies = (
				CFE64BF2249174370091AAC5 /* PBXTargetDependency */,
			);
			name = "Jaque WatchKit App";
			productName = "Jaque WatchKit App";
			productReference = CFE64BE0249174330091AAC5 /* Jaque WatchKit App.app */;
			productType = "com.apple.product-type.application.watchapp2";
		};
		CFE64BEE249174370091AAC5 /* Jaque WatchKit Extension */ = {
			isa = PBXNativeTarget;
			buildConfigurationList = CFE64C00249174390091AAC5 /* Build configuration list for PBXNativeTarget "Jaque WatchKit Extension" */;
			buildPhases = (
				CFE64BEB249174370091AAC5 /* Sources */,
				CFE64BEC249174370091AAC5 /* Frameworks */,
				CFE64BED249174370091AAC5 /* Resources */,
			);
			buildRules = (
			);
			dependencies = (
			);
			name = "Jaque WatchKit Extension";
			productName = "Jaque WatchKit Extension";
			productReference = CFE64BEF249174370091AAC5 /* Jaque WatchKit Extension.appex */;
			productType = "com.apple.product-type.watchkit2-extension";
		};
/* End PBXNativeTarget section */

/* Begin PBXProject section */
		CFE64BD6249174320091AAC5 /* Project object */ = {
			isa = PBXProject;
			attributes = {
				LastSwiftUpdateCheck = 1150;
				LastUpgradeCheck = 1150;
				ORGANIZATIONNAME = "Lelio Jorge Junior";
				TargetAttributes = {
					CFE64BDB249174320091AAC5 = {
						CreatedOnToolsVersion = 11.5;
					};
					CFE64BDF249174330091AAC5 = {
						CreatedOnToolsVersion = 11.5;
					};
					CFE64BEE249174370091AAC5 = {
						CreatedOnToolsVersion = 11.5;
					};
				};
			};
			buildConfigurationList = CFE64BD9249174320091AAC5 /* Build configuration list for PBXProject "Jaque" */;
			compatibilityVersion = "Xcode 9.3";
			developmentRegion = en;
			hasScannedForEncodings = 0;
			knownRegions = (
				en,
				Base,
			);
			mainGroup = CFE64BD5249174320091AAC5;
			productRefGroup = CFE64BDD249174320091AAC5 /* Products */;
			projectDirPath = "";
			projectRoot = "";
			targets = (
				CFE64BDB249174320091AAC5 /* Jaque */,
				CFE64BDF249174330091AAC5 /* Jaque WatchKit App */,
				CFE64BEE249174370091AAC5 /* Jaque WatchKit Extension */,
			);
		};
/* End PBXProject section */

/* Begin PBXResourcesBuildPhase section */
		CFE64BDA249174320091AAC5 /* Resources */ = {
			isa = PBXResourcesBuildPhase;
			buildActionMask = 2147483647;
			files = (
			);
			runOnlyForDeploymentPostprocessing = 0;
		};
		CFE64BDE249174330091AAC5 /* Resources */ = {
			isa = PBXResourcesBuildPhase;
			buildActionMask = 2147483647;
			files = (
				CFE64BE9249174370091AAC5 /* Assets.xcassets in Resources */,
				CFE64BE7249174330091AAC5 /* Interface.storyboard in Resources */,
			);
			runOnlyForDeploymentPostprocessing = 0;
		};
		CFE64BED249174370091AAC5 /* Resources */ = {
			isa = PBXResourcesBuildPhase;
			buildActionMask = 2147483647;
			files = (
				CFE64BFB249174390091AAC5 /* Assets.xcassets in Resources */,
			);
			runOnlyForDeploymentPostprocessing = 0;
		};
/* End PBXResourcesBuildPhase section */

/* Begin PBXSourcesBuildPhase section */
		CFE64BEB249174370091AAC5 /* Sources */ = {
			isa = PBXSourcesBuildPhase;
			buildActionMask = 2147483647;
			files = (
				CFE64BF9249174370091AAC5 /* NotificationController.swift in Sources */,
				CFE64BF7249174370091AAC5 /* ExtensionDelegate.swift in Sources */,
				CFE64BF5249174370091AAC5 /* InterfaceController.swift in Sources */,
			);
			runOnlyForDeploymentPostprocessing = 0;
		};
/* End PBXSourcesBuildPhase section */

/* Begin PBXTargetDependency section */
		CFE64BE3249174330091AAC5 /* PBXTargetDependency */ = {
			isa = PBXTargetDependency;
			target = CFE64BDF249174330091AAC5 /* Jaque WatchKit App */;
			targetProxy = CFE64BE2249174330091AAC5 /* PBXContainerItemProxy */;
		};
		CFE64BF2249174370091AAC5 /* PBXTargetDependency */ = {
			isa = PBXTargetDependency;
			target = CFE64BEE249174370091AAC5 /* Jaque WatchKit Extension */;
			targetProxy = CFE64BF1249174370091AAC5 /* PBXContainerItemProxy */;
		};
/* End PBXTargetDependency section */

/* Begin PBXVariantGroup section */
		CFE64BE5249174330091AAC5 /* Interface.storyboard */ = {
			isa = PBXVariantGroup;
			children = (
				CFE64BE6249174330091AAC5 /* Base */,
			);
			name = Interface.storyboard;
			sourceTree = "<group>";
		};
/* End PBXVariantGroup section */

/* Begin XCBuildConfiguration section */
		CFE64BFE249174390091AAC5 /* Debug */ = {
			isa = XCBuildConfiguration;
			buildSettings = {
				ALWAYS_SEARCH_USER_PATHS = NO;
				CLANG_ANALYZER_NONNULL = YES;
				CLANG_ANALYZER_NUMBER_OBJECT_CONVERSION = YES_AGGRESSIVE;
				CLANG_CXX_LANGUAGE_STANDARD = "gnu++14";
				CLANG_CXX_LIBRARY = "libc++";
				CLANG_ENABLE_MODULES = YES;
				CLANG_ENABLE_OBJC_ARC = YES;
				CLANG_ENABLE_OBJC_WEAK = YES;
				CLANG_WARN_BLOCK_CAPTURE_AUTORELEASING = YES;
				CLANG_WARN_BOOL_CONVERSION = YES;
				CLANG_WARN_COMMA = YES;
				CLANG_WARN_CONSTANT_CONVERSION = YES;
				CLANG_WARN_DEPRECATED_OBJC_IMPLEMENTATIONS = YES;
				CLANG_WARN_DIRECT_OBJC_ISA_USAGE = YES_ERROR;
				CLANG_WARN_DOCUMENTATION_COMMENTS = YES;
				CLANG_WARN_EMPTY_BODY = YES;
				CLANG_WARN_ENUM_CONVERSION = YES;
				CLANG_WARN_INFINITE_RECURSION = YES;
				CLANG_WARN_INT_CONVERSION = YES;
				CLANG_WARN_NON_LITERAL_NULL_CONVERSION = YES;
				CLANG_WARN_OBJC_IMPLICIT_RETAIN_SELF = YES;
				CLANG_WARN_OBJC_LITERAL_CONVERSION = YES;
				CLANG_WARN_OBJC_ROOT_CLASS = YES_ERROR;
				CLANG_WARN_RANGE_LOOP_ANALYSIS = YES;
				CLANG_WARN_STRICT_PROTOTYPES = YES;
				CLANG_WARN_SUSPICIOUS_MOVE = YES;
				CLANG_WARN_UNGUARDED_AVAILABILITY = YES_AGGRESSIVE;
				CLANG_WARN_UNREACHABLE_CODE = YES;
				CLANG_WARN__DUPLICATE_METHOD_MATCH = YES;
				COPY_PHASE_STRIP = NO;
				DEBUG_INFORMATION_FORMAT = dwarf;
				ENABLE_STRICT_OBJC_MSGSEND = YES;
				ENABLE_TESTABILITY = YES;
				GCC_C_LANGUAGE_STANDARD = gnu11;
				GCC_DYNAMIC_NO_PIC = NO;
				GCC_NO_COMMON_BLOCKS = YES;
				GCC_OPTIMIZATION_LEVEL = 0;
				GCC_PREPROCESSOR_DEFINITIONS = (
					"DEBUG=1",
					"$(inherited)",
				);
				GCC_WARN_64_TO_32_BIT_CONVERSION = YES;
				GCC_WARN_ABOUT_RETURN_TYPE = YES_ERROR;
				GCC_WARN_UNDECLARED_SELECTOR = YES;
				GCC_WARN_UNINITIALIZED_AUTOS = YES_AGGRESSIVE;
				GCC_WARN_UNUSED_FUNCTION = YES;
				GCC_WARN_UNUSED_VARIABLE = YES;
				MTL_ENABLE_DEBUG_INFO = INCLUDE_SOURCE;
				MTL_FAST_MATH = YES;
				ONLY_ACTIVE_ARCH = YES;
				SDKROOT = iphoneos;
				SWIFT_ACTIVE_COMPILATION_CONDITIONS = DEBUG;
				SWIFT_OPTIMIZATION_LEVEL = "-Onone";
			};
			name = Debug;
		};
		CFE64BFF249174390091AAC5 /* Release */ = {
			isa = XCBuildConfiguration;
			buildSettings = {
				ALWAYS_SEARCH_USER_PATHS = NO;
				CLANG_ANALYZER_NONNULL = YES;
				CLANG_ANALYZER_NUMBER_OBJECT_CONVERSION = YES_AGGRESSIVE;
				CLANG_CXX_LANGUAGE_STANDARD = "gnu++14";
				CLANG_CXX_LIBRARY = "libc++";
				CLANG_ENABLE_MODULES = YES;
				CLANG_ENABLE_OBJC_ARC = YES;
				CLANG_ENABLE_OBJC_WEAK = YES;
				CLANG_WARN_BLOCK_CAPTURE_AUTORELEASING = YES;
				CLANG_WARN_BOOL_CONVERSION = YES;
				CLANG_WARN_COMMA = YES;
				CLANG_WARN_CONSTANT_CONVERSION = YES;
				CLANG_WARN_DEPRECATED_OBJC_IMPLEMENTATIONS = YES;
				CLANG_WARN_DIRECT_OBJC_ISA_USAGE = YES_ERROR;
				CLANG_WARN_DOCUMENTATION_COMMENTS = YES;
				CLANG_WARN_EMPTY_BODY = YES;
				CLANG_WARN_ENUM_CONVERSION = YES;
				CLANG_WARN_INFINITE_RECURSION = YES;
				CLANG_WARN_INT_CONVERSION = YES;
				CLANG_WARN_NON_LITERAL_NULL_CONVERSION = YES;
				CLANG_WARN_OBJC_IMPLICIT_RETAIN_SELF = YES;
				CLANG_WARN_OBJC_LITERAL_CONVERSION = YES;
				CLANG_WARN_OBJC_ROOT_CLASS = YES_ERROR;
				CLANG_WARN_RANGE_LOOP_ANALYSIS = YES;
				CLANG_WARN_STRICT_PROTOTYPES = YES;
				CLANG_WARN_SUSPICIOUS_MOVE = YES;
				CLANG_WARN_UNGUARDED_AVAILABILITY = YES_AGGRESSIVE;
				CLANG_WARN_UNREACHABLE_CODE = YES;
				CLANG_WARN__DUPLICATE_METHOD_MATCH = YES;
				COPY_PHASE_STRIP = NO;
				DEBUG_INFORMATION_FORMAT = "dwarf-with-dsym";
				ENABLE_NS_ASSERTIONS = NO;
				ENABLE_STRICT_OBJC_MSGSEND = YES;
				GCC_C_LANGUAGE_STANDARD = gnu11;
				GCC_NO_COMMON_BLOCKS = YES;
				GCC_WARN_64_TO_32_BIT_CONVERSION = YES;
				GCC_WARN_ABOUT_RETURN_TYPE = YES_ERROR;
				GCC_WARN_UNDECLARED_SELECTOR = YES;
				GCC_WARN_UNINITIALIZED_AUTOS = YES_AGGRESSIVE;
				GCC_WARN_UNUSED_FUNCTION = YES;
				GCC_WARN_UNUSED_VARIABLE = YES;
				MTL_ENABLE_DEBUG_INFO = NO;
				MTL_FAST_MATH = YES;
				SDKROOT = iphoneos;
				SWIFT_COMPILATION_MODE = wholemodule;
				SWIFT_OPTIMIZATION_LEVEL = "-O";
				VALIDATE_PRODUCT = YES;
			};
			name = Release;
		};
		CFE64C01249174390091AAC5 /* Debug */ = {
			isa = XCBuildConfiguration;
			buildSettings = {
				ASSETCATALOG_COMPILER_COMPLICATION_NAME = Complication;
				CODE_SIGN_STYLE = Automatic;
				DEVELOPMENT_TEAM = S6GR5F77JK;
				INFOPLIST_FILE = "Jaque WatchKit Extension/Info.plist";
				LD_RUNPATH_SEARCH_PATHS = (
					"$(inherited)",
					"@executable_path/Frameworks",
					"@executable_path/../../Frameworks",
				);
				PRODUCT_BUNDLE_IDENTIFIER = com.IMC.Jaque.watchkitapp.watchkitextension;
				PRODUCT_NAME = "${TARGET_NAME}";
				SDKROOT = watchos;
				SKIP_INSTALL = YES;
				SWIFT_VERSION = 5.0;
				TARGETED_DEVICE_FAMILY = 4;
				WATCHOS_DEPLOYMENT_TARGET = 6.2;
			};
			name = Debug;
		};
		CFE64C02249174390091AAC5 /* Release */ = {
			isa = XCBuildConfiguration;
			buildSettings = {
				ASSETCATALOG_COMPILER_COMPLICATION_NAME = Complication;
				CODE_SIGN_STYLE = Automatic;
				DEVELOPMENT_TEAM = S6GR5F77JK;
				INFOPLIST_FILE = "Jaque WatchKit Extension/Info.plist";
				LD_RUNPATH_SEARCH_PATHS = (
					"$(inherited)",
					"@executable_path/Frameworks",
					"@executable_path/../../Frameworks",
				);
				PRODUCT_BUNDLE_IDENTIFIER = com.IMC.Jaque.watchkitapp.watchkitextension;
				PRODUCT_NAME = "${TARGET_NAME}";
				SDKROOT = watchos;
				SKIP_INSTALL = YES;
				SWIFT_VERSION = 5.0;
				TARGETED_DEVICE_FAMILY = 4;
				WATCHOS_DEPLOYMENT_TARGET = 6.2;
			};
			name = Release;
		};
		CFE64C05249174390091AAC5 /* Debug */ = {
			isa = XCBuildConfiguration;
			buildSettings = {
				ALWAYS_EMBED_SWIFT_STANDARD_LIBRARIES = YES;
				ASSETCATALOG_COMPILER_APPICON_NAME = AppIcon;
				CODE_SIGN_STYLE = Automatic;
				DEVELOPMENT_TEAM = S6GR5F77JK;
				IBSC_MODULE = Jaque_WatchKit_Extension;
				INFOPLIST_FILE = "Jaque WatchKit App/Info.plist";
				PRODUCT_BUNDLE_IDENTIFIER = com.IMC.Jaque.watchkitapp;
				PRODUCT_NAME = "$(TARGET_NAME)";
				SDKROOT = watchos;
				SKIP_INSTALL = YES;
				SWIFT_VERSION = 5.0;
				TARGETED_DEVICE_FAMILY = 4;
				WATCHOS_DEPLOYMENT_TARGET = 6.2;
			};
			name = Debug;
		};
		CFE64C06249174390091AAC5 /* Release */ = {
			isa = XCBuildConfiguration;
			buildSettings = {
				ALWAYS_EMBED_SWIFT_STANDARD_LIBRARIES = YES;
				ASSETCATALOG_COMPILER_APPICON_NAME = AppIcon;
				CODE_SIGN_STYLE = Automatic;
				DEVELOPMENT_TEAM = S6GR5F77JK;
				IBSC_MODULE = Jaque_WatchKit_Extension;
				INFOPLIST_FILE = "Jaque WatchKit App/Info.plist";
				PRODUCT_BUNDLE_IDENTIFIER = com.IMC.Jaque.watchkitapp;
				PRODUCT_NAME = "$(TARGET_NAME)";
				SDKROOT = watchos;
				SKIP_INSTALL = YES;
				SWIFT_VERSION = 5.0;
				TARGETED_DEVICE_FAMILY = 4;
				WATCHOS_DEPLOYMENT_TARGET = 6.2;
			};
			name = Release;
		};
		CFE64C09249174390091AAC5 /* Debug */ = {
			isa = XCBuildConfiguration;
			buildSettings = {
				CODE_SIGN_STYLE = Automatic;
				CURRENT_PROJECT_VERSION = 1;
				DEVELOPMENT_TEAM = S6GR5F77JK;
				MARKETING_VERSION = 1.0;
				PRODUCT_BUNDLE_IDENTIFIER = com.IMC.Jaque;
				PRODUCT_NAME = "$(TARGET_NAME)";
				SWIFT_VERSION = 5.0;
			};
			name = Debug;
		};
		CFE64C0A249174390091AAC5 /* Release */ = {
			isa = XCBuildConfiguration;
			buildSettings = {
				CODE_SIGN_STYLE = Automatic;
				CURRENT_PROJECT_VERSION = 1;
				DEVELOPMENT_TEAM = S6GR5F77JK;
				MARKETING_VERSION = 1.0;
				PRODUCT_BUNDLE_IDENTIFIER = com.IMC.Jaque;
				PRODUCT_NAME = "$(TARGET_NAME)";
				SWIFT_VERSION = 5.0;
			};
			name = Release;
		};
/* End XCBuildConfiguration section */

/* Begin XCConfigurationList section */
		CFE64BD9249174320091AAC5 /* Build configuration list for PBXProject "Jaque" */ = {
			isa = XCConfigurationList;
			buildConfigurations = (
				CFE64BFE249174390091AAC5 /* Debug */,
				CFE64BFF249174390091AAC5 /* Release */,
			);
			defaultConfigurationIsVisible = 0;
			defaultConfigurationName = Release;
		};
		CFE64C00249174390091AAC5 /* Build configuration list for PBXNativeTarget "Jaque WatchKit Extension" */ = {
			isa = XCConfigurationList;
			buildConfigurations = (
				CFE64C01249174390091AAC5 /* Debug */,
				CFE64C02249174390091AAC5 /* Release */,
			);
			defaultConfigurationIsVisible = 0;
			defaultConfigurationName = Release;
		};
		CFE64C04249174390091AAC5 /* Build configuration list for PBXNativeTarget "Jaque WatchKit App" */ = {
			isa = XCConfigurationList;
			buildConfigurations = (
				CFE64C05249174390091AAC5 /* Debug */,
				CFE64C06249174390091AAC5 /* Release */,
			);
			defaultConfigurationIsVisible = 0;
			defaultConfigurationName = Release;
		};
		CFE64C08249174390091AAC5 /* Build configuration list for PBXNativeTarget "Jaque" */ = {
			isa = XCConfigurationList;
			buildConfigurations = (
				CFE64C09249174390091AAC5 /* Debug */,
				CFE64C0A249174390091AAC5 /* Release */,
			);
			defaultConfigurationIsVisible = 0;
			defaultConfigurationName = Release;
		};
/* End XCConfigurationList section */
	};
	rootObject = CFE64BD6249174320091AAC5 /* Project object */;
}
